
Microsoft Visual Studio Solution File, Format Version 12.00
# Visual Studio Version 16
VisualStudioVersion = 16.0.30114.105
MinimumVisualStudioVersion = 10.0.40219.1
Project("{FAE04EC0-301F-11D3-BF4B-00C04F79EFBC}") = "todolist", "todolist\todolist.csproj", "{2AD15828-52A7-43E0-A079-934773D73421}"
EndProject
Global
	GlobalSection(SolutionConfigurationPlatforms) = preSolution
		Debug|Any CPU = Debug|Any CPU
		Release|Any CPU = Release|Any CPU
	EndGlobalSection
	GlobalSection(ProjectConfigurationPlatforms) = postSolution
		{2AD15828-52A7-43E0-A079-934773D73421}.Debug|Any CPU.ActiveCfg = Debug|Any CPU
		{2AD15828-52A7-43E0-A079-934773D73421}.Debug|Any CPU.Build.0 = Debug|Any CPU
		{2AD15828-52A7-43E0-A079-934773D73421}.Release|Any CPU.ActiveCfg = Release|Any CPU
		{2AD15828-52A7-43E0-A079-934773D73421}.Release|Any CPU.Build.0 = Release|Any CPU
	EndGlobalSection
	GlobalSection(SolutionProperties) = preSolution
		HideSolutionNode = FALSE
	EndGlobalSection
	GlobalSection(ExtensibilityGlobals) = postSolution
		SolutionGuid = {85E42521-50A5-4ECC-985B-861AD5D64B77}
	EndGlobalSection
EndGlobal
